{
  "name": "extensions",
  "lockfileVersion": 2,
  "requires": true,
  "packages": {
    "": {
      "dependencies": {
        "coc-css": ">=1.3.0",
        "coc-emoji": ">=1.3.0",
        "coc-eslint": ">=1.5.8",
        "coc-git": ">=2.4.10",
        "coc-html": ">=1.6.1",
        "coc-java": ">=1.5.5",
        "coc-json": ">=1.4.2",
        "coc-prettier": ">=9.3.1",
        "coc-tsserver": ">=1.10.5",
        "coc-ultisnips": ">=1.2.3"
      }
    },
    "node_modules/coc-css": {
      "version": "1.3.0",
      "resolved": "https://registry.npmjs.org/coc-css/-/coc-css-1.3.0.tgz",
      "integrity": "sha512-adpUCwj1sFK+6RFXVDUYZe3oC+I1dre4XoWVZY7H05Fn7r7sa5QbpQ/F+kIce2sveQbsVoLTR7mfr18wH7Ru+w==",
      "engines": {
        "coc": "^0.0.80"
      }
    },
    "node_modules/coc-emoji": {
      "version": "1.3.0",
      "resolved": "https://registry.npmjs.org/coc-emoji/-/coc-emoji-1.3.0.tgz",
      "integrity": "sha512-ghu/ejw0EJqEfPsyM70JXliUvayqgS/K/oQ3hu6Rp+hd1+TAr+Y17NW3dmVRRxPaqmwzSXy9dx9138pdZWB/hQ==",
      "engines": {
        "coc": ">=0.0.57"
      }
    },
    "node_modules/coc-eslint": {
      "version": "1.5.8",
      "resolved": "https://registry.npmjs.org/coc-eslint/-/coc-eslint-1.5.8.tgz",
      "integrity": "sha512-EOdkh804CCouSGvbG9cRZopi+ZX3glAwwfTZPBSMkiM61qbmDtVNNoVO20gj22zUEc/tfu4df7Uh267W2hk1aA==",
      "engines": {
        "coc": "^0.0.80"
      }
    },
    "node_modules/coc-git": {
      "version": "2.5.3",
      "resolved": "https://registry.npmjs.org/coc-git/-/coc-git-2.5.3.tgz",
      "integrity": "sha512-wfMi4xA507oSXqXp2Ey2I3MnNZVFooSNLuIU4/JUCepW+B2o0qBGfWfogQitw8FNyMIfSLKO/IurXQaYUnA79Q==",
      "engines": {
        "coc": "^0.0.80"
      }
    },
    "node_modules/coc-html": {
      "version": "1.7.0",
      "resolved": "https://registry.npmjs.org/coc-html/-/coc-html-1.7.0.tgz",
      "integrity": "sha512-ywRthVmeX9gI1lAORorS8MjNiqfSi9mMNRRwTWe6b+GyzriabMhyCej+RNhHV1gcPNRLqlhy+j3ncHv+m5seKg==",
      "dependencies": {
        "typescript": "^4.3"
      },
      "engines": {
        "coc": "^0.0.80"
      }
    },
    "node_modules/coc-java": {
      "version": "1.5.5",
      "resolved": "https://registry.npmjs.org/coc-java/-/coc-java-1.5.5.tgz",
      "integrity": "sha512-vJ0W7q6w+ZulC+/oxq7Shbu2MswPLg9jZSCYqi+rxq9LLSPPJ6GHsPQgQxfFX4C5yvY3GQjl8mWUT60JHbgd+g==",
      "engines": {
        "coc": ">=0.0.79"
      }
    },
    "node_modules/coc-json": {
      "version": "1.6.1",
      "resolved": "https://registry.npmjs.org/coc-json/-/coc-json-1.6.1.tgz",
      "integrity": "sha512-qRDwaa4PZUb7q0N/oGoUrhKeo+5A9haYggOkUjx3SMPMWh2Pxsck5eftZzyUgLZDh/fabrYP7kBYE9+n7u4gnw==",
      "engines": {
        "coc": ">= 0.0.80"
      }
    },
    "node_modules/coc-prettier": {
      "version": "9.3.1",
      "resolved": "https://registry.npmjs.org/coc-prettier/-/coc-prettier-9.3.1.tgz",
      "integrity": "sha512-t/j62Sjq/eBcaN90b4KPNDuZBP3K+TomXj9RLdiJX0zE7RG2byqsxVTnVKAk9c+qE05jv16C5Zv1qv97ZKcA4g==",
      "dependencies": {
        "prettier": "^2.6.2"
      },
      "engines": {
        "coc": ">= 0.0.80"
      }
    },
    "node_modules/coc-tsserver": {
      "version": "1.11.11",
      "resolved": "https://registry.npmjs.org/coc-tsserver/-/coc-tsserver-1.11.11.tgz",
      "integrity": "sha512-gg8muOoV54D4IawMSGIVgLGevyMD6K0U8TYc4xFMjZt9bvuv5fkeLXxxH+yAfmtFXVmFWSrCAff1gPibnIPOvw==",
      "dependencies": {
        "typescript": "^4.8.3"
      },
      "engines": {
        "coc": "^0.0.82"
      }
    },
    "node_modules/coc-ultisnips": {
      "version": "1.2.3",
      "resolved": "https://registry.npmjs.org/coc-ultisnips/-/coc-ultisnips-1.2.3.tgz",
      "integrity": "sha512-gefj80C24vZ9FTnFLWXhNC8aW9VBVQGELH0e80gAAZma/RY5FGOkzWVvtjO9vQqAVHt4TQUErybsf/en5ci82w==",
      "engines": {
        "coc": ">=0.0.57"
      }
    },
    "node_modules/prettier": {
      "version": "2.7.1",
      "resolved": "https://registry.npmjs.org/prettier/-/prettier-2.7.1.tgz",
      "integrity": "sha512-ujppO+MkdPqoVINuDFDRLClm7D78qbDt0/NR+wp5FqEZOoTNAjPHWj17QRhu7geIHJfcNhRk1XVQmF8Bp3ye+g==",
      "bin": {
        "prettier": "bin-prettier.js"
      },
      "engines": {
        "node": ">=10.13.0"
      },
      "funding": {
        "url": "https://github.com/prettier/prettier?sponsor=1"
      }
    },
    "node_modules/typescript": {
      "version": "4.8.4",
      "resolved": "https://registry.npmjs.org/typescript/-/typescript-4.8.4.tgz",
      "integrity": "sha512-QCh+85mCy+h0IGff8r5XWzOVSbBO+KfeYrMQh7NJ58QujwcE22u+NUSmUxqF+un70P9GXKxa2HCNiTTMJknyjQ==",
      "bin": {
        "tsc": "bin/tsc",
        "tsserver": "bin/tsserver"
      },
      "engines": {
        "node": ">=4.2.0"
      }
    }
  },
  "dependencies": {
    "coc-css": {
      "version": "1.3.0",
      "resolved": "https://registry.npmjs.org/coc-css/-/coc-css-1.3.0.tgz",
      "integrity": "sha512-adpUCwj1sFK+6RFXVDUYZe3oC+I1dre4XoWVZY7H05Fn7r7sa5QbpQ/F+kIce2sveQbsVoLTR7mfr18wH7Ru+w=="
    },
    "coc-emoji": {
      "version": "1.3.0",
      "resolved": "https://registry.npmjs.org/coc-emoji/-/coc-emoji-1.3.0.tgz",
      "integrity": "sha512-ghu/ejw0EJqEfPsyM70JXliUvayqgS/K/oQ3hu6Rp+hd1+TAr+Y17NW3dmVRRxPaqmwzSXy9dx9138pdZWB/hQ=="
    },
    "coc-eslint": {
      "version": "1.5.8",
      "resolved": "https://registry.npmjs.org/coc-eslint/-/coc-eslint-1.5.8.tgz",
      "integrity": "sha512-EOdkh804CCouSGvbG9cRZopi+ZX3glAwwfTZPBSMkiM61qbmDtVNNoVO20gj22zUEc/tfu4df7Uh267W2hk1aA=="
    },
    "coc-git": {
      "version": "2.5.3",
      "resolved": "https://registry.npmjs.org/coc-git/-/coc-git-2.5.3.tgz",
      "integrity": "sha512-wfMi4xA507oSXqXp2Ey2I3MnNZVFooSNLuIU4/JUCepW+B2o0qBGfWfogQitw8FNyMIfSLKO/IurXQaYUnA79Q=="
    },
    "coc-html": {
      "version": "1.7.0",
      "resolved": "https://registry.npmjs.org/coc-html/-/coc-html-1.7.0.tgz",
      "integrity": "sha512-ywRthVmeX9gI1lAORorS8MjNiqfSi9mMNRRwTWe6b+GyzriabMhyCej+RNhHV1gcPNRLqlhy+j3ncHv+m5seKg==",
      "requires": {
        "typescript": "^4.3"
      }
    },
    "coc-java": {
      "version": "1.5.5",
      "resolved": "https://registry.npmjs.org/coc-java/-/coc-java-1.5.5.tgz",
      "integrity": "sha512-vJ0W7q6w+ZulC+/oxq7Shbu2MswPLg9jZSCYqi+rxq9LLSPPJ6GHsPQgQxfFX4C5yvY3GQjl8mWUT60JHbgd+g=="
    },
    "coc-json": {
      "version": "1.6.1",
      "resolved": "https://registry.npmjs.org/coc-json/-/coc-json-1.6.1.tgz",
      "integrity": "sha512-qRDwaa4PZUb7q0N/oGoUrhKeo+5A9haYggOkUjx3SMPMWh2Pxsck5eftZzyUgLZDh/fabrYP7kBYE9+n7u4gnw=="
    },
    "coc-prettier": {
      "version": "9.3.1",
      "resolved": "https://registry.npmjs.org/coc-prettier/-/coc-prettier-9.3.1.tgz",
      "integrity": "sha512-t/j62Sjq/eBcaN90b4KPNDuZBP3K+TomXj9RLdiJX0zE7RG2byqsxVTnVKAk9c+qE05jv16C5Zv1qv97ZKcA4g==",
      "requires": {
        "prettier": "^2.6.2"
      }
    },
    "coc-tsserver": {
      "version": "1.11.11",
      "resolved": "https://registry.npmjs.org/coc-tsserver/-/coc-tsserver-1.11.11.tgz",
      "integrity": "sha512-gg8muOoV54D4IawMSGIVgLGevyMD6K0U8TYc4xFMjZt9bvuv5fkeLXxxH+yAfmtFXVmFWSrCAff1gPibnIPOvw==",
      "requires": {
        "typescript": "^4.8.3"
      }
    },
    "coc-ultisnips": {
      "version": "1.2.3",
      "resolved": "https://registry.npmjs.org/coc-ultisnips/-/coc-ultisnips-1.2.3.tgz",
      "integrity": "sha512-gefj80C24vZ9FTnFLWXhNC8aW9VBVQGELH0e80gAAZma/RY5FGOkzWVvtjO9vQqAVHt4TQUErybsf/en5ci82w=="
    },
    "prettier": {
      "version": "2.7.1",
      "resolved": "https://registry.npmjs.org/prettier/-/prettier-2.7.1.tgz",
      "integrity": "sha512-ujppO+MkdPqoVINuDFDRLClm7D78qbDt0/NR+wp5FqEZOoTNAjPHWj17QRhu7geIHJfcNhRk1XVQmF8Bp3ye+g=="
    },
    "typescript": {
      "version": "4.8.4",
      "resolved": "https://registry.npmjs.org/typescript/-/typescript-4.8.4.tgz",
      "integrity": "sha512-QCh+85mCy+h0IGff8r5XWzOVSbBO+KfeYrMQh7NJ58QujwcE22u+NUSmUxqF+un70P9GXKxa2HCNiTTMJknyjQ=="
    }
  }
}
